
Microsoft Visual Studio Solution File, Format Version 12.00
# Visual Studio Version 17
VisualStudioVersion = 17.0.31912.275
MinimumVisualStudioVersion = 10.0.40219.1
Project("{9A19103F-16F7-4668-BE54-9A1E7A4F7556}") = "AutoComplete", "AutoComplete.csproj", "{77D09C0C-03B9-44F8-BE12-C686949BB9C5}"
EndProject
Project("{9A19103F-16F7-4668-BE54-9A1E7A4F7556}") = "AutoComplete.Tests", "..\AutoComplete.Tests\AutoComplete.Tests\AutoComplete.Tests.csproj", "{CEEF12F0-D6AB-4173-AD68-A9AD2BA10580}"
EndProject
Global
	GlobalSection(SolutionConfigurationPlatforms) = preSolution
		Debug|Any CPU = Debug|Any CPU
		Release|Any CPU = Release|Any CPU
	EndGlobalSection
	GlobalSection(ProjectConfigurationPlatforms) = postSolution
		{77D09C0C-03B9-44F8-BE12-C686949BB9C5}.Debug|Any CPU.ActiveCfg = Debug|Any CPU
		{77D09C0C-03B9-44F8-BE12-C686949BB9C5}.Debug|Any CPU.Build.0 = Debug|Any CPU
		{77D09C0C-03B9-44F8-BE12-C686949BB9C5}.Release|Any CPU.ActiveCfg = Release|Any CPU
		{77D09C0C-03B9-44F8-BE12-C686949BB9C5}.Release|Any CPU.Build.0 = Release|Any CPU
		{CEEF12F0-D6AB-4173-AD68-A9AD2BA10580}.Debug|Any CPU.ActiveCfg = Debug|Any CPU
		{CEEF12F0-D6AB-4173-AD68-A9AD2BA10580}.Debug|Any CPU.Build.0 = Debug|Any CPU
		{CEEF12F0-D6AB-4173-AD68-A9AD2BA10580}.Release|Any CPU.ActiveCfg = Release|Any CPU
		{CEEF12F0-D6AB-4173-AD68-A9AD2BA10580}.Release|Any CPU.Build.0 = Release|Any CPU
	EndGlobalSection
	GlobalSection(SolutionProperties) = preSolution
		HideSolutionNode = FALSE
	EndGlobalSection
	GlobalSection(ExtensibilityGlobals) = postSolution
		SolutionGuid = {BA4A29C9-81B1-45FB-B5F8-97D696B28212}
	EndGlobalSection
EndGlobal
